
Microsoft Visual Studio Solution File, Format Version 12.00
# Visual Studio 2017
Project("{FAE04EC0-301F-11D3-BF4B-00C04F79EFBC}") = "steve-la-paloma", "steve-la-paloma.csproj", "{247EE1DD-8F26-7C3B-FC78-D6811F1A38E5}"
EndProject
Project("{FAE04EC0-301F-11D3-BF4B-00C04F79EFBC}") = "steve-la-paloma.Editor", "steve-la-paloma.Editor.csproj", "{AB9173B5-00DF-167F-C8B1-98F6E47A6FB8}"
EndProject
Global
	GlobalSection(SolutionConfigurationPlatforms) = preSolution
		Debug|Any CPU = Debug|Any CPU
		Release|Any CPU = Release|Any CPU
	EndGlobalSection
	GlobalSection(ProjectConfigurationPlatforms) = postSolution
		{247EE1DD-8F26-7C3B-FC78-D6811F1A38E5}.Debug|Any CPU.ActiveCfg = Debug|Any CPU
		{247EE1DD-8F26-7C3B-FC78-D6811F1A38E5}.Debug|Any CPU.Build.0 = Debug|Any CPU
		{247EE1DD-8F26-7C3B-FC78-D6811F1A38E5}.Release|Any CPU.ActiveCfg = Release|Any CPU
		{247EE1DD-8F26-7C3B-FC78-D6811F1A38E5}.Release|Any CPU.Build.0 = Release|Any CPU
		{AB9173B5-00DF-167F-C8B1-98F6E47A6FB8}.Debug|Any CPU.ActiveCfg = Debug|Any CPU
		{AB9173B5-00DF-167F-C8B1-98F6E47A6FB8}.Debug|Any CPU.Build.0 = Debug|Any CPU
		{AB9173B5-00DF-167F-C8B1-98F6E47A6FB8}.Release|Any CPU.ActiveCfg = Release|Any CPU
		{AB9173B5-00DF-167F-C8B1-98F6E47A6FB8}.Release|Any CPU.Build.0 = Release|Any CPU
	EndGlobalSection
	GlobalSection(SolutionProperties) = preSolution
		HideSolutionNode = FALSE
	EndGlobalSection
EndGlobal
