
Microsoft Visual Studio Solution File, Format Version 12.00
# Visual Studio 2017
Project("{FAE04EC0-301F-11D3-BF4B-00C04F79EFBC}") = "Steve", "Steve.csproj", "{216457E6-F590-2AA7-5CA3-742D8F2D771D}"
EndProject
Project("{FAE04EC0-301F-11D3-BF4B-00C04F79EFBC}") = "Steve.Editor", "Steve.Editor.csproj", "{C6563FEA-D06D-8396-BA44-1CE66C49C72E}"
EndProject
Global
	GlobalSection(SolutionConfigurationPlatforms) = preSolution
		Debug|Any CPU = Debug|Any CPU
		Release|Any CPU = Release|Any CPU
	EndGlobalSection
	GlobalSection(ProjectConfigurationPlatforms) = postSolution
		{216457E6-F590-2AA7-5CA3-742D8F2D771D}.Debug|Any CPU.ActiveCfg = Debug|Any CPU
		{216457E6-F590-2AA7-5CA3-742D8F2D771D}.Debug|Any CPU.Build.0 = Debug|Any CPU
		{216457E6-F590-2AA7-5CA3-742D8F2D771D}.Release|Any CPU.ActiveCfg = Release|Any CPU
		{216457E6-F590-2AA7-5CA3-742D8F2D771D}.Release|Any CPU.Build.0 = Release|Any CPU
		{C6563FEA-D06D-8396-BA44-1CE66C49C72E}.Debug|Any CPU.ActiveCfg = Debug|Any CPU
		{C6563FEA-D06D-8396-BA44-1CE66C49C72E}.Debug|Any CPU.Build.0 = Debug|Any CPU
		{C6563FEA-D06D-8396-BA44-1CE66C49C72E}.Release|Any CPU.ActiveCfg = Release|Any CPU
		{C6563FEA-D06D-8396-BA44-1CE66C49C72E}.Release|Any CPU.Build.0 = Release|Any CPU
	EndGlobalSection
	GlobalSection(SolutionProperties) = preSolution
		HideSolutionNode = FALSE
	EndGlobalSection
EndGlobal
